
Microsoft Visual Studio Solution File, Format Version 12.00
# Visual Studio Version 16
VisualStudioVersion = 16.0.32002.261
MinimumVisualStudioVersion = 10.0.40219.1
Project("{FAE04EC0-301F-11D3-BF4B-00C04F79EFBC}") = "PetrovLab13v1", "PetrovLab13v1\PetrovLab13v1.csproj", "{0CCE2D26-5A29-4116-A5A4-7D48914494D2}"
EndProject
Global
	GlobalSection(SolutionConfigurationPlatforms) = preSolution
		Debug|Any CPU = Debug|Any CPU
		Release|Any CPU = Release|Any CPU
	EndGlobalSection
	GlobalSection(ProjectConfigurationPlatforms) = postSolution
		{0CCE2D26-5A29-4116-A5A4-7D48914494D2}.Debug|Any CPU.ActiveCfg = Debug|Any CPU
		{0CCE2D26-5A29-4116-A5A4-7D48914494D2}.Debug|Any CPU.Build.0 = Debug|Any CPU
		{0CCE2D26-5A29-4116-A5A4-7D48914494D2}.Release|Any CPU.ActiveCfg = Release|Any CPU
		{0CCE2D26-5A29-4116-A5A4-7D48914494D2}.Release|Any CPU.Build.0 = Release|Any CPU
	EndGlobalSection
	GlobalSection(SolutionProperties) = preSolution
		HideSolutionNode = FALSE
	EndGlobalSection
	GlobalSection(ExtensibilityGlobals) = postSolution
		SolutionGuid = {60C50813-3223-4DCE-931F-F6643E98CB3B}
	EndGlobalSection
EndGlobal
